{
  "name": "@ghasemkiani/io",
  "version": "1.0.0",
  "lockfileVersion": 2,
  "requires": true,
  "packages": {
    "": {
      "version": "1.0.0",
      "license": "MIT",
      "dependencies": {
        "@ghasemkiani/base": "github:ghasemkiani/base"
      }
    },
    "node_modules/@ghasemkiani/base": {
      "version": "1.29.0",
      "resolved": "git+ssh://git@github.com/ghasemkiani/base.git#19a969796ba21d0afdde059b39abb2475cc069e8",
      "license": "MIT",
      "dependencies": {
        "mime-types": "^2.1.26"
      }
    },
    "node_modules/mime-db": {
      "version": "1.46.0",
      "resolved": "https://registry.npmjs.org/mime-db/-/mime-db-1.46.0.tgz",
      "integrity": "sha512-svXaP8UQRZ5K7or+ZmfNhg2xX3yKDMUzqadsSqi4NCH/KomcH75MAMYAGVlvXn4+b/xOPhS3I2uHKRUzvjY7BQ==",
      "engines": {
        "node": ">= 0.6"
      }
    },
    "node_modules/mime-types": {
      "version": "2.1.29",
      "resolved": "https://registry.npmjs.org/mime-types/-/mime-types-2.1.29.tgz",
      "integrity": "sha512-Y/jMt/S5sR9OaqteJtslsFZKWOIIqMACsJSiHghlCAyhf7jfVYjKBmLiX8OgpWeW+fjJ2b+Az69aPFPkUOY6xQ==",
      "dependencies": {
        "mime-db": "1.46.0"
      },
      "engines": {
        "node": ">= 0.6"
      }
    }
  },
  "dependencies": {
    "@ghasemkiani/base": {
      "version": "git+ssh://git@github.com/ghasemkiani/base.git#19a969796ba21d0afdde059b39abb2475cc069e8",
      "from": "@ghasemkiani/base@github:ghasemkiani/base",
      "requires": {
        "mime-types": "^2.1.26"
      }
    },
    "mime-db": {
      "version": "1.46.0",
      "resolved": "https://registry.npmjs.org/mime-db/-/mime-db-1.46.0.tgz",
      "integrity": "sha512-svXaP8UQRZ5K7or+ZmfNhg2xX3yKDMUzqadsSqi4NCH/KomcH75MAMYAGVlvXn4+b/xOPhS3I2uHKRUzvjY7BQ=="
    },
    "mime-types": {
      "version": "2.1.29",
      "resolved": "https://registry.npmjs.org/mime-types/-/mime-types-2.1.29.tgz",
      "integrity": "sha512-Y/jMt/S5sR9OaqteJtslsFZKWOIIqMACsJSiHghlCAyhf7jfVYjKBmLiX8OgpWeW+fjJ2b+Az69aPFPkUOY6xQ==",
      "requires": {
        "mime-db": "1.46.0"
      }
    }
  }
}
